// !$*UTF8*$!
{
	archiveVersion = 1;
	classes = {
	};
	objectVersion = 46;
	objects = {

/* Begin PBXBuildFile section */
		9219C7C41BAD546600861371 /* AppDelegate.swift in Sources */ = {isa = PBXBuildFile; fileRef = 9219C7C31BAD546600861371 /* AppDelegate.swift */; };
		9219C7C61BAD546600861371 /* ViewController.swift in Sources */ = {isa = PBXBuildFile; fileRef = 9219C7C51BAD546600861371 /* ViewController.swift */; };
		9219C7C91BAD546600861371 /* Main.storyboard in Resources */ = {isa = PBXBuildFile; fileRef = 9219C7C71BAD546600861371 /* Main.storyboard */; };
		9219C7CB1BAD546600861371 /* Images.xcassets in Resources */ = {isa = PBXBuildFile; fileRef = 9219C7CA1BAD546600861371 /* Images.xcassets */; };
		9219C7CE1BAD546600861371 /* LaunchScreen.xib in Resources */ = {isa = PBXBuildFile; fileRef = 9219C7CC1BAD546600861371 /* LaunchScreen.xib */; };
		9219C7DA1BAD546600861371 /* TwitterAppAgainTests.swift in Sources */ = {isa = PBXBuildFile; fileRef = 9219C7D91BAD546600861371 /* TwitterAppAgainTests.swift */; };
/* End PBXBuildFile section */

/* Begin PBXContainerItemProxy section */
		9219C7D41BAD546600861371 /* PBXContainerItemProxy */ = {
			isa = PBXContainerItemProxy;
			containerPortal = 9219C7B61BAD546600861371 /* Project object */;
			proxyType = 1;
			remoteGlobalIDString = 9219C7BD1BAD546600861371;
			remoteInfo = TwitterAppAgain;
		};
/* End PBXContainerItemProxy section */

/* Begin PBXFileReference section */
		9219C7BE1BAD546600861371 /* TwitterAppAgain.app */ = {isa = PBXFileReference; explicitFileType = wrapper.application; includeInIndex = 0; path = TwitterAppAgain.app; sourceTree = BUILT_PRODUCTS_DIR; };
		9219C7C21BAD546600861371 /* Info.plist */ = {isa = PBXFileReference; lastKnownFileType = text.plist.xml; path = Info.plist; sourceTree = "<group>"; };
		9219C7C31BAD546600861371 /* AppDelegate.swift */ = {isa = PBXFileReference; lastKnownFileType = sourcecode.swift; path = AppDelegate.swift; sourceTree = "<group>"; };
		9219C7C51BAD546600861371 /* ViewController.swift */ = {isa = PBXFileReference; lastKnownFileType = sourcecode.swift; path = ViewController.swift; sourceTree = "<group>"; };
		9219C7C81BAD546600861371 /* Base */ = {isa = PBXFileReference; lastKnownFileType = file.storyboard; name = Base; path = Base.lproj/Main.storyboard; sourceTree = "<group>"; };
		9219C7CA1BAD546600861371 /* Images.xcassets */ = {isa = PBXFileReference; lastKnownFileType = folder.assetcatalog; path = Images.xcassets; sourceTree = "<group>"; };
		9219C7CD1BAD546600861371 /* Base */ = {isa = PBXFileReference; lastKnownFileType = file.xib; name = Base; path = Base.lproj/LaunchScreen.xib; sourceTree = "<group>"; };
		9219C7D31BAD546600861371 /* TwitterAppAgainTests.xctest */ = {isa = PBXFileReference; explicitFileType = wrapper.cfbundle; includeInIndex = 0; path = TwitterAppAgainTests.xctest; sourceTree = BUILT_PRODUCTS_DIR; };
		9219C7D81BAD546600861371 /* Info.plist */ = {isa = PBXFileReference; lastKnownFileType = text.plist.xml; path = Info.plist; sourceTree = "<group>"; };
		9219C7D91BAD546600861371 /* TwitterAppAgainTests.swift */ = {isa = PBXFileReference; lastKnownFileType = sourcecode.swift; path = TwitterAppAgainTests.swift; sourceTree = "<group>"; };
/* End PBXFileReference section */

/* Begin PBXFrameworksBuildPhase section */
		9219C7BB1BAD546600861371 /* Frameworks */ = {
			isa = PBXFrameworksBuildPhase;
			buildActionMask = 2147483647;
			files = (
			);
			runOnlyForDeploymentPostprocessing = 0;
		};
		9219C7D01BAD546600861371 /* Frameworks */ = {
			isa = PBXFrameworksBuildPhase;
			buildActionMask = 2147483647;
			files = (
			);
			runOnlyForDeploymentPostprocessing = 0;
		};
/* End PBXFrameworksBuildPhase section */

/* Begin PBXGroup section */
		9219C7B51BAD546600861371 = {
			isa = PBXGroup;
			children = (
				9219C7C01BAD546600861371 /* TwitterAppAgain */,
				9219C7D61BAD546600861371 /* TwitterAppAgainTests */,
				9219C7BF1BAD546600861371 /* Products */,
			);
			sourceTree = "<group>";
		};
		9219C7BF1BAD546600861371 /* Products */ = {
			isa = PBXGroup;
			children = (
				9219C7BE1BAD546600861371 /* TwitterAppAgain.app */,
				9219C7D31BAD546600861371 /* TwitterAppAgainTests.xctest */,
			);
			name = Products;
			sourceTree = "<group>";
		};
		9219C7C01BAD546600861371 /* TwitterAppAgain */ = {
			isa = PBXGroup;
			children = (
				9219C7C31BAD546600861371 /* AppDelegate.swift */,
				9219C7C51BAD546600861371 /* ViewController.swift */,
				9219C7C71BAD546600861371 /* Main.storyboard */,
				9219C7CA1BAD546600861371 /* Images.xcassets */,
				9219C7CC1BAD546600861371 /* LaunchScreen.xib */,
				9219C7C11BAD546600861371 /* Supporting Files */,
			);
			path = TwitterAppAgain;
			sourceTree = "<group>";
		};
		9219C7C11BAD546600861371 /* Supporting Files */ = {
			isa = PBXGroup;
			children = (
				9219C7C21BAD546600861371 /* Info.plist */,
			);
			name = "Supporting Files";
			sourceTree = "<group>";
		};
		9219C7D61BAD546600861371 /* TwitterAppAgainTests */ = {
			isa = PBXGroup;
			children = (
				9219C7D91BAD546600861371 /* TwitterAppAgainTests.swift */,
				9219C7D71BAD546600861371 /* Supporting Files */,
			);
			path = TwitterAppAgainTests;
			sourceTree = "<group>";
		};
		9219C7D71BAD546600861371 /* Supporting Files */ = {
			isa = PBXGroup;
			children = (
				9219C7D81BAD546600861371 /* Info.plist */,
			);
			name = "Supporting Files";
			sourceTree = "<group>";
		};
/* End PBXGroup section */

/* Begin PBXNativeTarget section */
		9219C7BD1BAD546600861371 /* TwitterAppAgain */ = {
			isa = PBXNativeTarget;
			buildConfigurationList = 9219C7DD1BAD546600861371 /* Build configuration list for PBXNativeTarget "TwitterAppAgain" */;
			buildPhases = (
				9219C7BA1BAD546600861371 /* Sources */,
				9219C7BB1BAD546600861371 /* Frameworks */,
				9219C7BC1BAD546600861371 /* Resources */,
			);
			buildRules = (
			);
			dependencies = (
			);
			name = TwitterAppAgain;
			productName = TwitterAppAgain;
			productReference = 9219C7BE1BAD546600861371 /* TwitterAppAgain.app */;
			productType = "com.apple.product-type.application";
		};
		9219C7D21BAD546600861371 /* TwitterAppAgainTests */ = {
			isa = PBXNativeTarget;
			buildConfigurationList = 9219C7E01BAD546600861371 /* Build configuration list for PBXNativeTarget "TwitterAppAgainTests" */;
			buildPhases = (
				9219C7CF1BAD546600861371 /* Sources */,
				9219C7D01BAD546600861371 /* Frameworks */,
				9219C7D11BAD546600861371 /* Resources */,
			);
			buildRules = (
			);
			dependencies = (
				9219C7D51BAD546600861371 /* PBXTargetDependency */,
			);
			name = TwitterAppAgainTests;
			productName = TwitterAppAgainTests;
			productReference = 9219C7D31BAD546600861371 /* TwitterAppAgainTests.xctest */;
			productType = "com.apple.product-type.bundle.unit-test";
		};
/* End PBXNativeTarget section */

/* Begin PBXProject section */
		9219C7B61BAD546600861371 /* Project object */ = {
			isa = PBXProject;
			attributes = {
				LastUpgradeCheck = 0640;
				ORGANIZATIONNAME = "Yoshi Ishigami";
				TargetAttributes = {
					9219C7BD1BAD546600861371 = {
						CreatedOnToolsVersion = 6.4;
					};
					9219C7D21BAD546600861371 = {
						CreatedOnToolsVersion = 6.4;
						TestTargetID = 9219C7BD1BAD546600861371;
					};
				};
			};
			buildConfigurationList = 9219C7B91BAD546600861371 /* Build configuration list for PBXProject "TwitterAppAgain" */;
			compatibilityVersion = "Xcode 3.2";
			developmentRegion = English;
			hasScannedForEncodings = 0;
			knownRegions = (
				en,
				Base,
			);
			mainGroup = 9219C7B51BAD546600861371;
			productRefGroup = 9219C7BF1BAD546600861371 /* Products */;
			projectDirPath = "";
			projectRoot = "";
			targets = (
				9219C7BD1BAD546600861371 /* TwitterAppAgain */,
				9219C7D21BAD546600861371 /* TwitterAppAgainTests */,
			);
		};
/* End PBXProject section */

/* Begin PBXResourcesBuildPhase section */
		9219C7BC1BAD546600861371 /* Resources */ = {
			isa = PBXResourcesBuildPhase;
			buildActionMask = 2147483647;
			files = (
				9219C7C91BAD546600861371 /* Main.storyboard in Resources */,
				9219C7CE1BAD546600861371 /* LaunchScreen.xib in Resources */,
				9219C7CB1BAD546600861371 /* Images.xcassets in Resources */,
			);
			runOnlyForDeploymentPostprocessing = 0;
		};
		9219C7D11BAD546600861371 /* Resources */ = {
			isa = PBXResourcesBuildPhase;
			buildActionMask = 2147483647;
			files = (
			);
			runOnlyForDeploymentPostprocessing = 0;
		};
/* End PBXResourcesBuildPhase section */

/* Begin PBXSourcesBuildPhase section */
		9219C7BA1BAD546600861371 /* Sources */ = {
			isa = PBXSourcesBuildPhase;
			buildActionMask = 2147483647;
			files = (
				9219C7C61BAD546600861371 /* ViewController.swift in Sources */,
				9219C7C41BAD546600861371 /* AppDelegate.swift in Sources */,
			);
			runOnlyForDeploymentPostprocessing = 0;
		};
		9219C7CF1BAD546600861371 /* Sources */ = {
			isa = PBXSourcesBuildPhase;
			buildActionMask = 2147483647;
			files = (
				9219C7DA1BAD546600861371 /* TwitterAppAgainTests.swift in Sources */,
			);
			runOnlyForDeploymentPostprocessing = 0;
		};
/* End PBXSourcesBuildPhase section */

/* Begin PBXTargetDependency section */
		9219C7D51BAD546600861371 /* PBXTargetDependency */ = {
			isa = PBXTargetDependency;
			target = 9219C7BD1BAD546600861371 /* TwitterAppAgain */;
			targetProxy = 9219C7D41BAD546600861371 /* PBXContainerItemProxy */;
		};
/* End PBXTargetDependency section */

/* Begin PBXVariantGroup section */
		9219C7C71BAD546600861371 /* Main.storyboard */ = {
			isa = PBXVariantGroup;
			children = (
				9219C7C81BAD546600861371 /* Base */,
			);
			name = Main.storyboard;
			sourceTree = "<group>";
		};
		9219C7CC1BAD546600861371 /* LaunchScreen.xib */ = {
			isa = PBXVariantGroup;
			children = (
				9219C7CD1BAD546600861371 /* Base */,
			);
			name = LaunchScreen.xib;
			sourceTree = "<group>";
		};
/* End PBXVariantGroup section */

/* Begin XCBuildConfiguration section */
		9219C7DB1BAD546600861371 /* Debug */ = {
			isa = XCBuildConfiguration;
			buildSettings = {
				ALWAYS_SEARCH_USER_PATHS = NO;
				CLANG_CXX_LANGUAGE_STANDARD = "gnu++0x";
				CLANG_CXX_LIBRARY = "libc++";
				CLANG_ENABLE_MODULES = YES;
				CLANG_ENABLE_OBJC_ARC = YES;
				CLANG_WARN_BOOL_CONVERSION = YES;
				CLANG_WARN_CONSTANT_CONVERSION = YES;
				CLANG_WARN_DIRECT_OBJC_ISA_USAGE = YES_ERROR;
				CLANG_WARN_EMPTY_BODY = YES;
				CLANG_WARN_ENUM_CONVERSION = YES;
				CLANG_WARN_INT_CONVERSION = YES;
				CLANG_WARN_OBJC_ROOT_CLASS = YES_ERROR;
				CLANG_WARN_UNREACHABLE_CODE = YES;
				CLANG_WARN__DUPLICATE_METHOD_MATCH = YES;
				"CODE_SIGN_IDENTITY[sdk=iphoneos*]" = "iPhone Developer";
				COPY_PHASE_STRIP = NO;
				DEBUG_INFORMATION_FORMAT = "dwarf-with-dsym";
				ENABLE_STRICT_OBJC_MSGSEND = YES;
				GCC_C_LANGUAGE_STANDARD = gnu99;
				GCC_DYNAMIC_NO_PIC = NO;
				GCC_NO_COMMON_BLOCKS = YES;
				GCC_OPTIMIZATION_LEVEL = 0;
				GCC_PREPROCESSOR_DEFINITIONS = (
					"DEBUG=1",
					"$(inherited)",
				);
				GCC_SYMBOLS_PRIVATE_EXTERN = NO;
				GCC_WARN_64_TO_32_BIT_CONVERSION = YES;
				GCC_WARN_ABOUT_RETURN_TYPE = YES_ERROR;
				GCC_WARN_UNDECLARED_SELECTOR = YES;
				GCC_WARN_UNINITIALIZED_AUTOS = YES_AGGRESSIVE;
				GCC_WARN_UNUSED_FUNCTION = YES;
				GCC_WARN_UNUSED_VARIABLE = YES;
				IPHONEOS_DEPLOYMENT_TARGET = 8.4;
				MTL_ENABLE_DEBUG_INFO = YES;
				ONLY_ACTIVE_ARCH = YES;
				SDKROOT = iphoneos;
				SWIFT_OPTIMIZATION_LEVEL = "-Onone";
				TARGETED_DEVICE_FAMILY = "1,2";
			};
			name = Debug;
		};
		9219C7DC1BAD546600861371 /* Release */ = {
			isa = XCBuildConfiguration;
			buildSettings = {
				ALWAYS_SEARCH_USER_PATHS = NO;
				CLANG_CXX_LANGUAGE_STANDARD = "gnu++0x";
				CLANG_CXX_LIBRARY = "libc++";
				CLANG_ENABLE_MODULES = YES;
				CLANG_ENABLE_OBJC_ARC = YES;
				CLANG_WARN_BOOL_CONVERSION = YES;
				CLANG_WARN_CONSTANT_CONVERSION = YES;
				CLANG_WARN_DIRECT_OBJC_ISA_USAGE = YES_ERROR;
				CLANG_WARN_EMPTY_BODY = YES;
				CLANG_WARN_ENUM_CONVERSION = YES;
				CLANG_WARN_INT_CONVERSION = YES;
				CLANG_WARN_OBJC_ROOT_CLASS = YES_ERROR;
				CLANG_WARN_UNREACHABLE_CODE = YES;
				CLANG_WARN__DUPLICATE_METHOD_MATCH = YES;
				"CODE_SIGN_IDENTITY[sdk=iphoneos*]" = "iPhone Developer";
				COPY_PHASE_STRIP = NO;
				DEBUG_INFORMATION_FORMAT = "dwarf-with-dsym";
				ENABLE_NS_ASSERTIONS = NO;
				ENABLE_STRICT_OBJC_MSGSEND = YES;
				GCC_C_LANGUAGE_STANDARD = gnu99;
				GCC_NO_COMMON_BLOCKS = YES;
				GCC_WARN_64_TO_32_BIT_CONVERSION = YES;
				GCC_WARN_ABOUT_RETURN_TYPE = YES_ERROR;
				GCC_WARN_UNDECLARED_SELECTOR = YES;
				GCC_WARN_UNINITIALIZED_AUTOS = YES_AGGRESSIVE;
				GCC_WARN_UNUSED_FUNCTION = YES;
				GCC_WARN_UNUSED_VARIABLE = YES;
				IPHONEOS_DEPLOYMENT_TARGET = 8.4;
				MTL_ENABLE_DEBUG_INFO = NO;
				SDKROOT = iphoneos;
				TARGETED_DEVICE_FAMILY = "1,2";
				VALIDATE_PRODUCT = YES;
			};
			name = Release;
		};
		9219C7DE1BAD546600861371 /* Debug */ = {
			isa = XCBuildConfiguration;
			buildSettings = {
				ASSETCATALOG_COMPILER_APPICON_NAME = AppIcon;
				INFOPLIST_FILE = TwitterAppAgain/Info.plist;
				LD_RUNPATH_SEARCH_PATHS = "$(inherited) @executable_path/Frameworks";
				PRODUCT_NAME = "$(TARGET_NAME)";
			};
			name = Debug;
		};
		9219C7DF1BAD546600861371 /* Release */ = {
			isa = XCBuildConfiguration;
			buildSettings = {
				ASSETCATALOG_COMPILER_APPICON_NAME = AppIcon;
				INFOPLIST_FILE = TwitterAppAgain/Info.plist;
				LD_RUNPATH_SEARCH_PATHS = "$(inherited) @executable_path/Frameworks";
				PRODUCT_NAME = "$(TARGET_NAME)";
			};
			name = Release;
		};
		9219C7E11BAD546600861371 /* Debug */ = {
			isa = XCBuildConfiguration;
			buildSettings = {
				BUNDLE_LOADER = "$(TEST_HOST)";
				FRAMEWORK_SEARCH_PATHS = (
					"$(SDKROOT)/Developer/Library/Frameworks",
					"$(inherited)",
				);
				GCC_PREPROCESSOR_DEFINITIONS = (
					"DEBUG=1",
					"$(inherited)",
				);
				INFOPLIST_FILE = TwitterAppAgainTests/Info.plist;
				LD_RUNPATH_SEARCH_PATHS = "$(inherited) @executable_path/Frameworks @loader_path/Frameworks";
				PRODUCT_NAME = "$(TARGET_NAME)";
				TEST_HOST = "$(BUILT_PRODUCTS_DIR)/TwitterAppAgain.app/TwitterAppAgain";
			};
			name = Debug;
		};
		9219C7E21BAD546600861371 /* Release */ = {
			isa = XCBuildConfiguration;
			buildSettings = {
				BUNDLE_LOADER = "$(TEST_HOST)";
				FRAMEWORK_SEARCH_PATHS = (
					"$(SDKROOT)/Developer/Library/Frameworks",
					"$(inherited)",
				);
				INFOPLIST_FILE = TwitterAppAgainTests/Info.plist;
				LD_RUNPATH_SEARCH_PATHS = "$(inherited) @executable_path/Frameworks @loader_path/Frameworks";
				PRODUCT_NAME = "$(TARGET_NAME)";
				TEST_HOST = "$(BUILT_PRODUCTS_DIR)/TwitterAppAgain.app/TwitterAppAgain";
			};
			name = Release;
		};
/* End XCBuildConfiguration section */

/* Begin XCConfigurationList section */
		9219C7B91BAD546600861371 /* Build configuration list for PBXProject "TwitterAppAgain" */ = {
			isa = XCConfigurationList;
			buildConfigurations = (
				9219C7DB1BAD546600861371 /* Debug */,
				9219C7DC1BAD546600861371 /* Release */,
			);
			defaultConfigurationIsVisible = 0;
			defaultConfigurationName = Release;
		};
		9219C7DD1BAD546600861371 /* Build configuration list for PBXNativeTarget "TwitterAppAgain" */ = {
			isa = XCConfigurationList;
			buildConfigurations = (
				9219C7DE1BAD546600861371 /* Debug */,
				9219C7DF1BAD546600861371 /* Release */,
			);
			defaultConfigurationIsVisible = 0;
		};
		9219C7E01BAD546600861371 /* Build configuration list for PBXNativeTarget "TwitterAppAgainTests" */ = {
			isa = XCConfigurationList;
			buildConfigurations = (
				9219C7E11BAD546600861371 /* Debug */,
				9219C7E21BAD546600861371 /* Release */,
			);
			defaultConfigurationIsVisible = 0;
		};
/* End XCConfigurationList section */
	};
	rootObject = 9219C7B61BAD546600861371 /* Project object */;
}
